
Microsoft Visual Studio Solution File, Format Version 12.00
# Visual Studio 15
VisualStudioVersion = 15.0.28307.852
MinimumVisualStudioVersion = 10.0.40219.1
Project("{FAE04EC0-301F-11D3-BF4B-00C04F79EFBC}") = "BranchingExample", "BranchingExample\BranchingExample.csproj", "{F9487E2F-3478-4C8F-A473-B691D7D89E5F}"
EndProject
Global
	GlobalSection(SolutionConfigurationPlatforms) = preSolution
		Debug|Any CPU = Debug|Any CPU
		Release|Any CPU = Release|Any CPU
	EndGlobalSection
	GlobalSection(ProjectConfigurationPlatforms) = postSolution
		{F9487E2F-3478-4C8F-A473-B691D7D89E5F}.Debug|Any CPU.ActiveCfg = Debug|Any CPU
		{F9487E2F-3478-4C8F-A473-B691D7D89E5F}.Debug|Any CPU.Build.0 = Debug|Any CPU
		{F9487E2F-3478-4C8F-A473-B691D7D89E5F}.Release|Any CPU.ActiveCfg = Release|Any CPU
		{F9487E2F-3478-4C8F-A473-B691D7D89E5F}.Release|Any CPU.Build.0 = Release|Any CPU
	EndGlobalSection
	GlobalSection(SolutionProperties) = preSolution
		HideSolutionNode = FALSE
	EndGlobalSection
	GlobalSection(ExtensibilityGlobals) = postSolution
		SolutionGuid = {0B8DDDD7-2010-44B4-9C67-5379C61D3100}
	EndGlobalSection
EndGlobal
